
Microsoft Visual Studio Solution File, Format Version 12.00
# Visual Studio Version 17
VisualStudioVersion = 17.14.36408.4 d17.14
MinimumVisualStudioVersion = 10.0.40219.1
Project("{FAE04EC0-301F-11D3-BF4B-00C04F79EFBC}") = "2312805_TranNgocNhuY_Lab05", "2312805_TranNgocNhuY_Lab05\2312805_TranNgocNhuY_Lab05.csproj", "{C015EB6B-0648-433F-B99F-ECADE0273E47}"
EndProject
Global
	GlobalSection(SolutionConfigurationPlatforms) = preSolution
		Debug|Any CPU = Debug|Any CPU
		Release|Any CPU = Release|Any CPU
	EndGlobalSection
	GlobalSection(ProjectConfigurationPlatforms) = postSolution
		{C015EB6B-0648-433F-B99F-ECADE0273E47}.Debug|Any CPU.ActiveCfg = Debug|Any CPU
		{C015EB6B-0648-433F-B99F-ECADE0273E47}.Debug|Any CPU.Build.0 = Debug|Any CPU
		{C015EB6B-0648-433F-B99F-ECADE0273E47}.Release|Any CPU.ActiveCfg = Release|Any CPU
		{C015EB6B-0648-433F-B99F-ECADE0273E47}.Release|Any CPU.Build.0 = Release|Any CPU
	EndGlobalSection
	GlobalSection(SolutionProperties) = preSolution
		HideSolutionNode = FALSE
	EndGlobalSection
	GlobalSection(ExtensibilityGlobals) = postSolution
		SolutionGuid = {97E3C777-C057-471D-9519-78273FE8A1EF}
	EndGlobalSection
EndGlobal
